{
  "version": 4,
  "terraform_version": "1.15.8",
  "serial": 284,
  "lineage": "e29f1dff-2111-744c-5873-240629a4b87e",
  "outputs": {
    "webhook_uri_debug": {
      "value": "https://f38fc8cb-75f5-4ce0-ba78-8587bd0a63a3.webhook.cc.azure-automation.net/webhooks?token=a%2fG7PZ6nCucXy2twsSObaOCEgDk%2f8YgNVlo0s4u8SPw%3d",
      "type": "string",
      "sensitive": true
    }
  },
  "resources": [
    {
      "module": "module.automation_runbook",
      "mode": "data",
      "type": "local_file",
      "name": "patching_exclude_current_month_script",
      "provider": "provider[\"registry.terraform.io/hashicorp/local\"]",
      "instances": [
        {
          "schema_version": 0,
          "attributes": {
            "content": "Param(\n    [object] $WebhookData\n)\nWrite-Output \"WebhookData:`n$WebhookData\"\n\n$subscriptionId = \"63efd7f0-f279-403a-acf5-666ed15b72ab\"\nConnect-AzAccount -Identity -AccountId \"40b62928-c0a3-46c2-9b2a-1caf00c4e924\" -Subscription $subscriptionId\n\n$AutomationAccountName = \"PatchingAutomationRunbook\"\n$AutomationAccountRg   = \"Barts-Patching-Test\"\n$VariableName          = \"ApprovedPatchKBIDs\"\n\nif ($null -eq $WebhookData) {\n    Write-Output \"No WebhookData - this is the monthly timer run. Refreshing approved KB list.\"\n\n    $CurrentMonthKQLQuery = \"patchassessmentresources `\n| where type in~ (`\"microsoft.compute/virtualmachines/patchassessmentresults/softwarePatches`\") `\n| where not(isempty(properties[`\"publishedDateTime`\"])) `\n| where todatetime(properties[`\"publishedDateTime`\"]) \u003e= startofmonth(datetime_add('month', -1, now())) `\n| where todatetime(properties[`\"publishedDateTime`\"]) \u003c startofmonth(now()) `\n| project [`\"KBID`\"] = properties[`\"kbId`\"] `\n| where KBID != `\"`\"` `\n| summarize by tostring(KBID)\"\n\n    $approvedKBIDs = @($(Search-AzGraph -Query $CurrentMonthKQLQuery).KBID)\n    Write-Output \"Monthly refresh - approved KBIDs for this cycle: $approvedKBIDs\"\n\n    $jsonValue = ($approvedKBIDs | ConvertTo-Json -Compress)\n    Set-AzAutomationVariable -ResourceGroupName $AutomationAccountRg -AutomationAccountName $AutomationAccountName `\n        -Name $VariableName -Value $jsonValue -Encrypted $false\n\n    Write-Output \"ApprovedPatchKBIDs variable updated successfully for this cycle.\"\n    exit 0\n}\n\n$EventData = $WebhookData.RequestBody | ConvertFrom-Json\n$EventItem = $EventData\nif ($null -ne $EventData[0]) {\n    $EventItem = $EventData[0]\n}\n\nif ($EventItem.eventType -ne \"Microsoft.Maintenance.PreMaintenanceEvent\") {\n    Write-Output \"Not Pre Maintenance event\"\n    exit 0\n}\n\n$MaintenanceConfigurationMatches = $EventItem.topic.ToLower() -match \".*resourcegroups/(.*)/providers.*/maintenanceconfigurations/(.*)\"\nif (-not $MaintenanceConfigurationMatches) {\n    Write-Error \"Failed to extract Maintenance Configuration resource group and name\"\n    exit 1\n}\n$MaintenanceConfigurationRgName = $Matches.1\n$MaintenanceConfigurationName   = $Matches.2\n\ntry {\n    $storedVar = Get-AzAutomationVariable -ResourceGroupName $AutomationAccountRg -AutomationAccountName $AutomationAccountName -Name $VariableName\n    $kbNumbersToInclude = @($storedVar.Value | ConvertFrom-Json)\n} catch {\n    Write-Error \"Failed to read '$VariableName'. Cannot proceed.\"\n    exit 1\n}\n\nif (-not $kbNumbersToInclude -or $kbNumbersToInclude.Count -eq 0) {\n    Write-Error \"No approved KB list found in '$VariableName' for maintenance configuration '$MaintenanceConfigurationName'. Monthly refresh may not have run yet. Failing this run.\"\n    exit 1\n}\n\nWrite-Output \"Applying approved KBIDs: $kbNumbersToInclude\"\n\n$body = @{\n    properties = @{\n        installPatches = @{\n            windowsParameters = @{\n                kbNumbersToInclude = @($kbNumbersToInclude)\n                kbNumbersToExclude = @()\n            }\n        }\n    }\n} | ConvertTo-Json -Depth 10\n\n$apiVersion = \"2023-04-01\"\n$uri = \"https://management.azure.com/subscriptions/$subscriptionId/resourceGroups/$MaintenanceConfigurationRgName/providers/Microsoft.Maintenance/maintenanceConfigurations/$MaintenanceConfigurationName`?api-version=$apiVersion\"\n\n$token = (Get-AzAccessToken -ResourceUrl \"https://management.azure.com\").Token\n$handler = New-Object System.Net.Http.HttpClientHandler\n$client  = New-Object System.Net.Http.HttpClient($handler)\n$client.Timeout = New-TimeSpan -Minutes 10\n\n$request = New-Object System.Net.Http.HttpRequestMessage(\"PATCH\", $uri)\n$request.Headers.Add(\"Authorization\", \"Bearer $token\")\n$request.Content = New-Object System.Net.Http.StringContent($body, [System.Text.Encoding]::UTF8, \"application/json\")\n\n$response = $client.SendAsync($request).Result\n$responseBody = $response.Content.ReadAsStringAsync().Result\nWrite-Output \"REST API Response:`n$responseBody\"\nWrite-Output \"Maintenance Configuration $MaintenanceConfigurationName updated successfully\"",
            "content_base64": "UGFyYW0oCiAgICBbb2JqZWN0XSAkV2ViaG9va0RhdGEKKQpXcml0ZS1PdXRwdXQgIldlYmhvb2tEYXRhOmBuJFdlYmhvb2tEYXRhIgoKJHN1YnNjcmlwdGlvbklkID0gIjYzZWZkN2YwLWYyNzktNDAzYS1hY2Y1LTY2NmVkMTViNzJhYiIKQ29ubmVjdC1BekFjY291bnQgLUlkZW50aXR5IC1BY2NvdW50SWQgIjQwYjYyOTI4LWMwYTMtNDZjMi05YjJhLTFjYWYwMGM0ZTkyNCIgLVN1YnNjcmlwdGlvbiAkc3Vic2NyaXB0aW9uSWQKCiRBdXRvbWF0aW9uQWNjb3VudE5hbWUgPSAiUGF0Y2hpbmdBdXRvbWF0aW9uUnVuYm9vayIKJEF1dG9tYXRpb25BY2NvdW50UmcgICA9ICJCYXJ0cy1QYXRjaGluZy1UZXN0IgokVmFyaWFibGVOYW1lICAgICAgICAgID0gIkFwcHJvdmVkUGF0Y2hLQklEcyIKCmlmICgkbnVsbCAtZXEgJFdlYmhvb2tEYXRhKSB7CiAgICBXcml0ZS1PdXRwdXQgIk5vIFdlYmhvb2tEYXRhIC0gdGhpcyBpcyB0aGUgbW9udGhseSB0aW1lciBydW4uIFJlZnJlc2hpbmcgYXBwcm92ZWQgS0IgbGlzdC4iCgogICAgJEN1cnJlbnRNb250aEtRTFF1ZXJ5ID0gInBhdGNoYXNzZXNzbWVudHJlc291cmNlcyBgCnwgd2hlcmUgdHlwZSBpbn4gKGAibWljcm9zb2Z0LmNvbXB1dGUvdmlydHVhbG1hY2hpbmVzL3BhdGNoYXNzZXNzbWVudHJlc3VsdHMvc29mdHdhcmVQYXRjaGVzYCIpIGAKfCB3aGVyZSBub3QoaXNlbXB0eShwcm9wZXJ0aWVzW2AicHVibGlzaGVkRGF0ZVRpbWVgIl0pKSBgCnwgd2hlcmUgdG9kYXRldGltZShwcm9wZXJ0aWVzW2AicHVibGlzaGVkRGF0ZVRpbWVgIl0pID49IHN0YXJ0b2Ztb250aChkYXRldGltZV9hZGQoJ21vbnRoJywgLTEsIG5vdygpKSkgYAp8IHdoZXJlIHRvZGF0ZXRpbWUocHJvcGVydGllc1tgInB1Ymxpc2hlZERhdGVUaW1lYCJdKSA8IHN0YXJ0b2Ztb250aChub3coKSkgYAp8IHByb2plY3QgW2AiS0JJRGAiXSA9IHByb3BlcnRpZXNbYCJrYklkYCJdIGAKfCB3aGVyZSBLQklEICE9IGAiYCJgIGAKfCBzdW1tYXJpemUgYnkgdG9zdHJpbmcoS0JJRCkiCgogICAgJGFwcHJvdmVkS0JJRHMgPSBAKCQoU2VhcmNoLUF6R3JhcGggLVF1ZXJ5ICRDdXJyZW50TW9udGhLUUxRdWVyeSkuS0JJRCkKICAgIFdyaXRlLU91dHB1dCAiTW9udGhseSByZWZyZXNoIC0gYXBwcm92ZWQgS0JJRHMgZm9yIHRoaXMgY3ljbGU6ICRhcHByb3ZlZEtCSURzIgoKICAgICRqc29uVmFsdWUgPSAoJGFwcHJvdmVkS0JJRHMgfCBDb252ZXJ0VG8tSnNvbiAtQ29tcHJlc3MpCiAgICBTZXQtQXpBdXRvbWF0aW9uVmFyaWFibGUgLVJlc291cmNlR3JvdXBOYW1lICRBdXRvbWF0aW9uQWNjb3VudFJnIC1BdXRvbWF0aW9uQWNjb3VudE5hbWUgJEF1dG9tYXRpb25BY2NvdW50TmFtZSBgCiAgICAgICAgLU5hbWUgJFZhcmlhYmxlTmFtZSAtVmFsdWUgJGpzb25WYWx1ZSAtRW5jcnlwdGVkICRmYWxzZQoKICAgIFdyaXRlLU91dHB1dCAiQXBwcm92ZWRQYXRjaEtCSURzIHZhcmlhYmxlIHVwZGF0ZWQgc3VjY2Vzc2Z1bGx5IGZvciB0aGlzIGN5Y2xlLiIKICAgIGV4aXQgMAp9CgokRXZlbnREYXRhID0gJFdlYmhvb2tEYXRhLlJlcXVlc3RCb2R5IHwgQ29udmVydEZyb20tSnNvbgokRXZlbnRJdGVtID0gJEV2ZW50RGF0YQppZiAoJG51bGwgLW5lICRFdmVudERhdGFbMF0pIHsKICAgICRFdmVudEl0ZW0gPSAkRXZlbnREYXRhWzBdCn0KCmlmICgkRXZlbnRJdGVtLmV2ZW50VHlwZSAtbmUgIk1pY3Jvc29mdC5NYWludGVuYW5jZS5QcmVNYWludGVuYW5jZUV2ZW50IikgewogICAgV3JpdGUtT3V0cHV0ICJOb3QgUHJlIE1haW50ZW5hbmNlIGV2ZW50IgogICAgZXhpdCAwCn0KCiRNYWludGVuYW5jZUNvbmZpZ3VyYXRpb25NYXRjaGVzID0gJEV2ZW50SXRlbS50b3BpYy5Ub0xvd2VyKCkgLW1hdGNoICIuKnJlc291cmNlZ3JvdXBzLyguKikvcHJvdmlkZXJzLiovbWFpbnRlbmFuY2Vjb25maWd1cmF0aW9ucy8oLiopIgppZiAoLW5vdCAkTWFpbnRlbmFuY2VDb25maWd1cmF0aW9uTWF0Y2hlcykgewogICAgV3JpdGUtRXJyb3IgIkZhaWxlZCB0byBleHRyYWN0IE1haW50ZW5hbmNlIENvbmZpZ3VyYXRpb24gcmVzb3VyY2UgZ3JvdXAgYW5kIG5hbWUiCiAgICBleGl0IDEKfQokTWFpbnRlbmFuY2VDb25maWd1cmF0aW9uUmdOYW1lID0gJE1hdGNoZXMuMQokTWFpbnRlbmFuY2VDb25maWd1cmF0aW9uTmFtZSAgID0gJE1hdGNoZXMuMgoKdHJ5IHsKICAgICRzdG9yZWRWYXIgPSBHZXQtQXpBdXRvbWF0aW9uVmFyaWFibGUgLVJlc291cmNlR3JvdXBOYW1lICRBdXRvbWF0aW9uQWNjb3VudFJnIC1BdXRvbWF0aW9uQWNjb3VudE5hbWUgJEF1dG9tYXRpb25BY2NvdW50TmFtZSAtTmFtZSAkVmFyaWFibGVOYW1lCiAgICAka2JOdW1iZXJzVG9JbmNsdWRlID0gQCgkc3RvcmVkVmFyLlZhbHVlIHwgQ29udmVydEZyb20tSnNvbikKfSBjYXRjaCB7CiAgICBXcml0ZS1FcnJvciAiRmFpbGVkIHRvIHJlYWQgJyRWYXJpYWJsZU5hbWUnLiBDYW5ub3QgcHJvY2VlZC4iCiAgICBleGl0IDEKfQoKaWYgKC1ub3QgJGtiTnVtYmVyc1RvSW5jbHVkZSAtb3IgJGtiTnVtYmVyc1RvSW5jbHVkZS5Db3VudCAtZXEgMCkgewogICAgV3JpdGUtRXJyb3IgIk5vIGFwcHJvdmVkIEtCIGxpc3QgZm91bmQgaW4gJyRWYXJpYWJsZU5hbWUnIGZvciBtYWludGVuYW5jZSBjb25maWd1cmF0aW9uICckTWFpbnRlbmFuY2VDb25maWd1cmF0aW9uTmFtZScuIE1vbnRobHkgcmVmcmVzaCBtYXkgbm90IGhhdmUgcnVuIHlldC4gRmFpbGluZyB0aGlzIHJ1bi4iCiAgICBleGl0IDEKfQoKV3JpdGUtT3V0cHV0ICJBcHBseWluZyBhcHByb3ZlZCBLQklEczogJGtiTnVtYmVyc1RvSW5jbHVkZSIKCiRib2R5ID0gQHsKICAgIHByb3BlcnRpZXMgPSBAewogICAgICAgIGluc3RhbGxQYXRjaGVzID0gQHsKICAgICAgICAgICAgd2luZG93c1BhcmFtZXRlcnMgPSBAewogICAgICAgICAgICAgICAga2JOdW1iZXJzVG9JbmNsdWRlID0gQCgka2JOdW1iZXJzVG9JbmNsdWRlKQogICAgICAgICAgICAgICAga2JOdW1iZXJzVG9FeGNsdWRlID0gQCgpCiAgICAgICAgICAgIH0KICAgICAgICB9CiAgICB9Cn0gfCBDb252ZXJ0VG8tSnNvbiAtRGVwdGggMTAKCiRhcGlWZXJzaW9uID0gIjIwMjMtMDQtMDEiCiR1cmkgPSAiaHR0cHM6Ly9tYW5hZ2VtZW50LmF6dXJlLmNvbS9zdWJzY3JpcHRpb25zLyRzdWJzY3JpcHRpb25JZC9yZXNvdXJjZUdyb3Vwcy8kTWFpbnRlbmFuY2VDb25maWd1cmF0aW9uUmdOYW1lL3Byb3ZpZGVycy9NaWNyb3NvZnQuTWFpbnRlbmFuY2UvbWFpbnRlbmFuY2VDb25maWd1cmF0aW9ucy8kTWFpbnRlbmFuY2VDb25maWd1cmF0aW9uTmFtZWA/YXBpLXZlcnNpb249JGFwaVZlcnNpb24iCgokdG9rZW4gPSAoR2V0LUF6QWNjZXNzVG9rZW4gLVJlc291cmNlVXJsICJodHRwczovL21hbmFnZW1lbnQuYXp1cmUuY29tIikuVG9rZW4KJGhhbmRsZXIgPSBOZXctT2JqZWN0IFN5c3RlbS5OZXQuSHR0cC5IdHRwQ2xpZW50SGFuZGxlcgokY2xpZW50ICA9IE5ldy1PYmplY3QgU3lzdGVtLk5ldC5IdHRwLkh0dHBDbGllbnQoJGhhbmRsZXIpCiRjbGllbnQuVGltZW91dCA9IE5ldy1UaW1lU3BhbiAtTWludXRlcyAxMAoKJHJlcXVlc3QgPSBOZXctT2JqZWN0IFN5c3RlbS5OZXQuSHR0cC5IdHRwUmVxdWVzdE1lc3NhZ2UoIlBBVENIIiwgJHVyaSkKJHJlcXVlc3QuSGVhZGVycy5BZGQoIkF1dGhvcml6YXRpb24iLCAiQmVhcmVyICR0b2tlbiIpCiRyZXF1ZXN0LkNvbnRlbnQgPSBOZXctT2JqZWN0IFN5c3RlbS5OZXQuSHR0cC5TdHJpbmdDb250ZW50KCRib2R5LCBbU3lzdGVtLlRleHQuRW5jb2RpbmddOjpVVEY4LCAiYXBwbGljYXRpb24vanNvbiIpCgokcmVzcG9uc2UgPSAkY2xpZW50LlNlbmRBc3luYygkcmVxdWVzdCkuUmVzdWx0CiRyZXNwb25zZUJvZHkgPSAkcmVzcG9uc2UuQ29udGVudC5SZWFkQXNTdHJpbmdBc3luYygpLlJlc3VsdApXcml0ZS1PdXRwdXQgIlJFU1QgQVBJIFJlc3BvbnNlOmBuJHJlc3BvbnNlQm9keSIKV3JpdGUtT3V0cHV0ICJNYWludGVuYW5jZSBDb25maWd1cmF0aW9uICRNYWludGVuYW5jZUNvbmZpZ3VyYXRpb25OYW1lIHVwZGF0ZWQgc3VjY2Vzc2Z1bGx5Ig==",
            "content_base64sha256": "XpCvxOMzEGerkrI8cy5fQPIAQnWMbLcbyMhbA2s/V2k=",
            "content_base64sha512": "Fk3VPMzPoO5BQFJ/KGqm7VwEan1id4j3dH47Gzzl7AeP60eKqXn/kaCGyEeq4rzI8muQka3YUmGTQskx1/FC/w==",
            "content_md5": "f284d6ab6a24b374e8c10f69f6b4a875",
            "content_sha1": "f939347afedb5dff9b2e37b530930db29b855f69",
            "content_sha256": "5e90afc4e3331067ab92b23c732e5f40f20042758c6cb71bc8c85b036b3f5769",
            "content_sha512": "164dd53ccccfa0ee4140527f286aa6ed5c046a7d627788f7747e3b1b3ce5ec078feb478aa979ff91a086c847aae2bcc8f26b9091add852619342c931d7f142ff",
            "filename": "modules/automation_patching/scripts/Exclude-CurrentMonthPatches.ps1",
            "id": "f939347afedb5dff9b2e37b530930db29b855f69"
          },
          "sensitive_attributes": [],
          "identity_schema_version": 0
        }
      ]
    },
    {
      "module": "module.automation_runbook",
      "mode": "managed",
      "type": "azapi_resource",
      "name": "powershell_74_runtime",
      "provider": "provider[\"registry.terraform.io/azure/azapi\"]",
      "instances": [
        {
          "schema_version": 2,
          "attributes": {
            "body": {
              "value": {
                "properties": {
                  "defaultPackages": {
                    "Az": "12.3.0",
                    "Azure CLI": "2.64.0"
                  },
                  "description": "pathing runbook runtime",
                  "runtime": {
                    "language": "PowerShell",
                    "version": "7.4"
                  }
                }
              },
              "type": [
                "object",
                {
                  "properties": [
                    "object",
                    {
                      "defaultPackages": [
                        "object",
                        {
                          "Az": "string",
                          "Azure CLI": "string"
                        }
                      ],
                      "description": "string",
                      "runtime": [
                        "object",
                        {
                          "language": "string",
                          "version": "string"
                        }
                      ]
                    }
                  ]
                }
              ]
            },
            "create_headers": null,
            "create_query_parameters": null,
            "delete_headers": null,
            "delete_query_parameters": null,
            "id": "/subscriptions/63efd7f0-f279-403a-acf5-666ed15b72ab/resourceGroups/Barts-Patching-Test/providers/Microsoft.Automation/automationAccounts/PatchingAutomationRunbook/runtimeEnvironments/powershell_74_runtime",
            "identity": [],
            "ignore_casing": false,
            "ignore_missing_property": true,
            "ignore_null_property": false,
            "ignore_other_items_in_list": null,
            "list_unique_id_property": null,
            "location": "canadacentral",
            "locks": null,
            "name": "powershell_74_runtime",
            "output": {
              "value": {
                "id": "/subscriptions/63efd7f0-f279-403a-acf5-666ed15b72ab/resourceGroups/Barts-Patching-Test/providers/Microsoft.Automation/automationAccounts/PatchingAutomationRunbook/runtimeEnvironments/powershell_74_runtime",
                "properties": {
                  "defaultPackages": {
                    "az": "12.3.0",
                    "azure cli": "2.64.0"
                  }
                },
                "type": "Microsoft.Automation/AutomationAccounts/RuntimeEnvironments"
              },
              "type": [
                "object",
                {
                  "id": "string",
                  "properties": [
                    "object",
                    {
                      "defaultPackages": [
                        "object",
                        {
                          "az": "string",
                          "azure cli": "string"
                        }
                      ]
                    }
                  ],
                  "type": "string"
                }
              ]
            },
            "parent_id": "/subscriptions/63efd7f0-f279-403a-acf5-666ed15b72ab/resourceGroups/Barts-Patching-Test/providers/Microsoft.Automation/automationAccounts/PatchingAutomationRunbook",
            "read_headers": null,
            "read_query_parameters": null,
            "replace_triggers_external_values": null,
            "replace_triggers_refs": null,
            "response_export_values": null,
            "retry": null,
            "schema_validation_enabled": true,
            "sensitive_body": null,
            "sensitive_body_version": null,
            "tags": null,
            "timeouts": null,
            "type": "Microsoft.Automation/automationAccounts/runtimeEnvironments@2024-10-23",
            "update_headers": null,
            "update_query_parameters": null
          },
          "sensitive_attributes": [],
          "identity_schema_version": 0,
          "identity": {
            "id": "/subscriptions/63efd7f0-f279-403a-acf5-666ed15b72ab/resourceGroups/Barts-Patching-Test/providers/Microsoft.Automation/automationAccounts/PatchingAutomationRunbook/runtimeEnvironments/powershell_74_runtime",
            "type": null
          },
          "private": "eyJzZW5zaXRpdmVfYm9keSI6ImV5Sm9ZWE5vSWpvaVpFTk9UMjFMTDI1VFdTc3hNblpJZW1GelRGaHBjM2Q2YkVkVU5WVklRVGRxUVVkWmEzWnRRM1ZSY3owaWZRPT0ifQ==",
          "dependencies": [
            "module.automation_runbook.azurerm_automation_account.patching_automation_account"
          ]
        }
      ]
    },
    {
      "module": "module.automation_runbook",
      "mode": "managed",
      "type": "azapi_resource_action",
      "name": "undoedit_patching_exclude_current_month_runbook",
      "provider": "provider[\"registry.terraform.io/azure/azapi\"]",
      "instances": [
        {
          "schema_version": 3,
          "attributes": {
            "action": "draft/undoEdit",
            "body": null,
            "exist": true,
            "headers": null,
            "id": "/subscriptions/63efd7f0-f279-403a-acf5-666ed15b72ab/resourceGroups/Barts-Patching-Test/providers/Microsoft.Automation/automationAccounts/PatchingAutomationRunbook/runbooks/Exclude-CurrentMonthPatches/draft/undoEdit",
            "ignore_not_found": null,
            "locks": null,
            "method": "POST",
            "output": {
              "value": {},
              "type": [
                "object",
                {}
              ]
            },
            "query_parameters": null,
            "resource_id": "/subscriptions/63efd7f0-f279-403a-acf5-666ed15b72ab/resourceGroups/Barts-Patching-Test/providers/Microsoft.Automation/automationAccounts/PatchingAutomationRunbook/runbooks/Exclude-CurrentMonthPatches",
            "response_export_values": null,
            "retry": null,
            "sensitive_body": null,
            "sensitive_body_version": null,
            "sensitive_output": {
              "value": {},
              "type": [
                "object",
                {}
              ]
            },
            "sensitive_response_export_values": null,
            "timeouts": null,
            "type": "Microsoft.Automation/automationAccounts/runbooks@2024-10-23",
            "when": "apply"
          },
          "sensitive_attributes": [
            [
              {
                "type": "get_attr",
                "value": "sensitive_output"
              }
            ]
          ],
          "identity_schema_version": 0,
          "private": "eyJzZW5zaXRpdmVfYm9keSI6ImV5Sm9ZWE5vSWpvaVpFTk9UMjFMTDI1VFdTc3hNblpJZW1GelRGaHBjM2Q2YkVkVU5WVklRVGRxUVVkWmEzWnRRM1ZSY3owaWZRPT0ifQ==",
          "dependencies": [
            "module.automation_runbook.azapi_resource.powershell_74_runtime",
            "module.automation_runbook.azapi_update_resource.patching_exclude_current_month_runbook",
            "module.automation_runbook.azurerm_automation_account.patching_automation_account",
            "module.automation_runbook.azurerm_automation_runbook.patching_exclude_current_month_runbook",
            "module.automation_runbook.data.local_file.patching_exclude_current_month_script"
          ]
        }
      ]
    },
    {
      "module": "module.automation_runbook",
      "mode": "managed",
      "type": "azapi_update_resource",
      "name": "patching_exclude_current_month_runbook",
      "provider": "provider[\"registry.terraform.io/azure/azapi\"]",
      "instances": [
        {
          "schema_version": 2,
          "attributes": {
            "body": {
              "value": {
                "properties": {
                  "runtimeEnvironment": "powershell_74_runtime"
                }
              },
              "type": [
                "object",
                {
                  "properties": [
                    "object",
                    {
                      "runtimeEnvironment": "string"
                    }
                  ]
                }
              ]
            },
            "id": "/subscriptions/63efd7f0-f279-403a-acf5-666ed15b72ab/resourceGroups/Barts-Patching-Test/providers/Microsoft.Automation/automationAccounts/PatchingAutomationRunbook/runbooks/Exclude-CurrentMonthPatches",
            "ignore_casing": false,
            "ignore_missing_property": true,
            "ignore_other_items_in_list": null,
            "list_unique_id_property": null,
            "locks": null,
            "name": "Exclude-CurrentMonthPatches",
            "output": {
              "value": {
                "id": "/subscriptions/63efd7f0-f279-403a-acf5-666ed15b72ab/resourceGroups/Barts-Patching-Test/providers/Microsoft.Automation/automationAccounts/PatchingAutomationRunbook/runbooks/Exclude-CurrentMonthPatches",
                "properties": {
                  "creationTime": "2026-07-27T09:31:07.14+00:00",
                  "jobCount": 0,
                  "parameters": {
                    "WebhookData": {}
                  },
                  "provisioningState": "Succeeded",
                  "state": "Published"
                },
                "type": "Microsoft.Automation/AutomationAccounts/Runbooks"
              },
              "type": [
                "object",
                {
                  "id": "string",
                  "properties": [
                    "object",
                    {
                      "creationTime": "string",
                      "jobCount": "number",
                      "parameters": [
                        "object",
                        {
                          "WebhookData": [
                            "object",
                            {}
                          ]
                        }
                      ],
                      "provisioningState": "string",
                      "state": "string"
                    }
                  ],
                  "type": "string"
                }
              ]
            },
            "parent_id": "/subscriptions/63efd7f0-f279-403a-acf5-666ed15b72ab/resourceGroups/Barts-Patching-Test/providers/Microsoft.Automation/automationAccounts/PatchingAutomationRunbook",
            "read_headers": null,
            "read_query_parameters": null,
            "replace_triggers_external_values": null,
            "resource_id": "/subscriptions/63efd7f0-f279-403a-acf5-666ed15b72ab/resourceGroups/Barts-Patching-Test/providers/Microsoft.Automation/automationAccounts/PatchingAutomationRunbook/runbooks/Exclude-CurrentMonthPatches",
            "response_export_values": null,
            "retry": null,
            "sensitive_body": null,
            "sensitive_body_version": null,
            "timeouts": null,
            "type": "Microsoft.Automation/automationAccounts/runbooks@2024-10-23",
            "update_headers": null,
            "update_query_parameters": null
          },
          "sensitive_attributes": [],
          "identity_schema_version": 0,
          "private": "eyJzZW5zaXRpdmVfYm9keSI6ImV5Sm9ZWE5vSWpvaVpFTk9UMjFMTDI1VFdTc3hNblpJZW1GelRGaHBjM2Q2YkVkVU5WVklRVGRxUVVkWmEzWnRRM1ZSY3owaWZRPT0ifQ==",
          "dependencies": [
            "module.automation_runbook.azapi_resource.powershell_74_runtime",
            "module.automation_runbook.azurerm_automation_account.patching_automation_account",
            "module.automation_runbook.azurerm_automation_runbook.patching_exclude_current_month_runbook",
            "module.automation_runbook.data.local_file.patching_exclude_current_month_script"
          ]
        }
      ]
    },
    {
      "module": "module.automation_runbook",
      "mode": "managed",
      "type": "azurerm_automation_account",
      "name": "patching_automation_account",
      "provider": "provider[\"registry.terraform.io/hashicorp/azurerm\"]",
      "instances": [
        {
          "schema_version": 0,
          "attributes": {
            "dsc_primary_access_key": "vZkAOJLoEeHxGgCiS7+8LMVjXGpS+ZA0OfyfSPGi3dWDVeu0q1aiLjKctLU2CunZjy0DWhTz20PLpxEJC1kbwQ==",
            "dsc_secondary_access_key": "+4MxfieJu1+V9e6TXOUeWJk0CVLpu1cZlNwCKbRPyuIhSUBydesM/qWaTalDbVghwJ4OV4oYo7QIyVAFQXK8ZQ==",
            "dsc_server_endpoint": "https://f38fc8cb-75f5-4ce0-ba78-8587bd0a63a3.agentsvc.cc.azure-automation.net/accounts/f38fc8cb-75f5-4ce0-ba78-8587bd0a63a3",
            "encryption": [],
            "hybrid_service_url": "https://f38fc8cb-75f5-4ce0-ba78-8587bd0a63a3.jrds.cc.azure-automation.net/automationAccounts/f38fc8cb-75f5-4ce0-ba78-8587bd0a63a3",
            "id": "/subscriptions/63efd7f0-f279-403a-acf5-666ed15b72ab/resourceGroups/Barts-Patching-Test/providers/Microsoft.Automation/automationAccounts/PatchingAutomationRunbook",
            "identity": [
              {
                "identity_ids": [
                  "/subscriptions/63efd7f0-f279-403a-acf5-666ed15b72ab/resourceGroups/Barts-Patching-Test/providers/Microsoft.ManagedIdentity/userAssignedIdentities/barts-ccs-test"
                ],
                "principal_id": "",
                "tenant_id": "",
                "type": "UserAssigned"
              }
            ],
            "local_authentication_enabled": true,
            "location": "canadacentral",
            "name": "PatchingAutomationRunbook",
            "private_endpoint_connection": [],
            "public_network_access_enabled": true,
            "resource_group_name": "Barts-Patching-Test",
            "sku_name": "Basic",
            "tags": {
              "ccs_managed": "yes"
            },
            "timeouts": null
          },
          "sensitive_attributes": [
            [
              {
                "type": "get_attr",
                "value": "dsc_primary_access_key"
              }
            ],
            [
              {
                "type": "get_attr",
                "value": "dsc_secondary_access_key"
              }
            ]
          ],
          "identity_schema_version": 0,
          "private": "eyJlMmJmYjczMC1lY2FhLTExZTYtOGY4OC0zNDM2M2JjN2M0YzAiOnsiY3JlYXRlIjoxODAwMDAwMDAwMDAwLCJkZWxldGUiOjE4MDAwMDAwMDAwMDAsInJlYWQiOjMwMDAwMDAwMDAwMCwidXBkYXRlIjoxODAwMDAwMDAwMDAwfSwic2NoZW1hX3ZlcnNpb24iOiIwIn0="
        }
      ]
    },
    {
      "module": "module.automation_runbook",
      "mode": "managed",
      "type": "azurerm_automation_job_schedule",
      "name": "monthly_kb_refresh_job",
      "provider": "provider[\"registry.terraform.io/hashicorp/azurerm\"]",
      "instances": [
        {
          "schema_version": 1,
          "attributes": {
            "automation_account_name": "PatchingAutomationRunbook",
            "id": "/subscriptions/63efd7f0-f279-403a-acf5-666ed15b72ab/resourceGroups/Barts-Patching-Test/providers/Microsoft.Automation/automationAccounts/PatchingAutomationRunbook/schedules/MonthlyKBRefresh-1st-0005-IST|/subscriptions/63efd7f0-f279-403a-acf5-666ed15b72ab/resourceGroups/Barts-Patching-Test/providers/Microsoft.Automation/automationAccounts/PatchingAutomationRunbook/runbooks/Exclude-CurrentMonthPatches",
            "job_schedule_id": "e6b1e659-5498-4d03-b18e-b53ed19d7b81",
            "parameters": {},
            "resource_group_name": "Barts-Patching-Test",
            "resource_manager_id": "/subscriptions/63efd7f0-f279-403a-acf5-666ed15b72ab/resourceGroups/Barts-Patching-Test/providers/Microsoft.Automation/automationAccounts/PatchingAutomationRunbook/jobSchedules/e6b1e659-5498-4d03-b18e-b53ed19d7b81",
            "run_on": null,
            "runbook_name": "Exclude-CurrentMonthPatches",
            "schedule_name": "MonthlyKBRefresh-1st-0005-IST",
            "timeouts": null
          },
          "sensitive_attributes": [],
          "identity_schema_version": 0,
          "private": "eyJlMmJmYjczMC1lY2FhLTExZTYtOGY4OC0zNDM2M2JjN2M0YzAiOnsiY3JlYXRlIjoxODAwMDAwMDAwMDAwLCJkZWxldGUiOjE4MDAwMDAwMDAwMDAsInJlYWQiOjMwMDAwMDAwMDAwMH0sInNjaGVtYV92ZXJzaW9uIjoiMSJ9",
          "dependencies": [
            "module.automation_runbook.azapi_resource.powershell_74_runtime",
            "module.automation_runbook.azapi_resource_action.undoedit_patching_exclude_current_month_runbook",
            "module.automation_runbook.azapi_update_resource.patching_exclude_current_month_runbook",
            "module.automation_runbook.azurerm_automation_account.patching_automation_account",
            "module.automation_runbook.azurerm_automation_runbook.patching_exclude_current_month_runbook",
            "module.automation_runbook.azurerm_automation_schedule.monthly_kb_refresh_schedule",
            "module.automation_runbook.data.local_file.patching_exclude_current_month_script"
          ]
        }
      ]
    },
    {
      "module": "module.automation_runbook",
      "mode": "managed",
      "type": "azurerm_automation_runbook",
      "name": "patching_exclude_current_month_runbook",
      "provider": "provider[\"registry.terraform.io/hashicorp/azurerm\"]",
      "instances": [
        {
          "schema_version": 0,
          "attributes": {
            "automation_account_name": "PatchingAutomationRunbook",
            "content": "Param(\n    [object] $WebhookData\n)\nWrite-Output \"WebhookData:`n$WebhookData\"\n\n$subscriptionId = \"63efd7f0-f279-403a-acf5-666ed15b72ab\"\nConnect-AzAccount -Identity -AccountId \"40b62928-c0a3-46c2-9b2a-1caf00c4e924\" -Subscription $subscriptionId\n\n$AutomationAccountName = \"PatchingAutomationRunbook\"\n$AutomationAccountRg   = \"Barts-Patching-Test\"\n$VariableName          = \"ApprovedPatchKBIDs\"\n\nif ($null -eq $WebhookData) {\n    Write-Output \"No WebhookData - this is the monthly timer run. Refreshing approved KB list.\"\n\n    $CurrentMonthKQLQuery = \"patchassessmentresources `\n| where type in~ (`\"microsoft.compute/virtualmachines/patchassessmentresults/softwarePatches`\") `\n| where not(isempty(properties[`\"publishedDateTime`\"])) `\n| where todatetime(properties[`\"publishedDateTime`\"]) \u003e= startofmonth(datetime_add('month', -1, now())) `\n| where todatetime(properties[`\"publishedDateTime`\"]) \u003c startofmonth(now()) `\n| project [`\"KBID`\"] = properties[`\"kbId`\"] `\n| where KBID != `\"`\"` `\n| summarize by tostring(KBID)\"\n\n    $approvedKBIDs = @($(Search-AzGraph -Query $CurrentMonthKQLQuery).KBID)\n    Write-Output \"Monthly refresh - approved KBIDs for this cycle: $approvedKBIDs\"\n\n    $jsonValue = ($approvedKBIDs | ConvertTo-Json -Compress)\n    Set-AzAutomationVariable -ResourceGroupName $AutomationAccountRg -AutomationAccountName $AutomationAccountName `\n        -Name $VariableName -Value $jsonValue -Encrypted $false\n\n    Write-Output \"ApprovedPatchKBIDs variable updated successfully for this cycle.\"\n    exit 0\n}\n\n$EventData = $WebhookData.RequestBody | ConvertFrom-Json\n$EventItem = $EventData\nif ($null -ne $EventData[0]) {\n    $EventItem = $EventData[0]\n}\n\nif ($EventItem.eventType -ne \"Microsoft.Maintenance.PreMaintenanceEvent\") {\n    Write-Output \"Not Pre Maintenance event\"\n    exit 0\n}\n\n$MaintenanceConfigurationMatches = $EventItem.topic.ToLower() -match \".*resourcegroups/(.*)/providers.*/maintenanceconfigurations/(.*)\"\nif (-not $MaintenanceConfigurationMatches) {\n    Write-Error \"Failed to extract Maintenance Configuration resource group and name\"\n    exit 1\n}\n$MaintenanceConfigurationRgName = $Matches.1\n$MaintenanceConfigurationName   = $Matches.2\n\ntry {\n    $storedVar = Get-AzAutomationVariable -ResourceGroupName $AutomationAccountRg -AutomationAccountName $AutomationAccountName -Name $VariableName\n    $kbNumbersToInclude = @($storedVar.Value | ConvertFrom-Json)\n} catch {\n    Write-Error \"Failed to read '$VariableName'. Cannot proceed.\"\n    exit 1\n}\n\nif (-not $kbNumbersToInclude -or $kbNumbersToInclude.Count -eq 0) {\n    Write-Error \"No approved KB list found in '$VariableName' for maintenance configuration '$MaintenanceConfigurationName'. Monthly refresh may not have run yet. Failing this run.\"\n    exit 1\n}\n\nWrite-Output \"Applying approved KBIDs: $kbNumbersToInclude\"\n\n$body = @{\n    properties = @{\n        installPatches = @{\n            windowsParameters = @{\n                kbNumbersToInclude = @($kbNumbersToInclude)\n                kbNumbersToExclude = @()\n            }\n        }\n    }\n} | ConvertTo-Json -Depth 10\n\n$apiVersion = \"2023-04-01\"\n$uri = \"https://management.azure.com/subscriptions/$subscriptionId/resourceGroups/$MaintenanceConfigurationRgName/providers/Microsoft.Maintenance/maintenanceConfigurations/$MaintenanceConfigurationName`?api-version=$apiVersion\"\n\n$token = (Get-AzAccessToken -ResourceUrl \"https://management.azure.com\").Token\n$handler = New-Object System.Net.Http.HttpClientHandler\n$client  = New-Object System.Net.Http.HttpClient($handler)\n$client.Timeout = New-TimeSpan -Minutes 10\n\n$request = New-Object System.Net.Http.HttpRequestMessage(\"PATCH\", $uri)\n$request.Headers.Add(\"Authorization\", \"Bearer $token\")\n$request.Content = New-Object System.Net.Http.StringContent($body, [System.Text.Encoding]::UTF8, \"application/json\")\n\n$response = $client.SendAsync($request).Result\n$responseBody = $response.Content.ReadAsStringAsync().Result\nWrite-Output \"REST API Response:`n$responseBody\"\nWrite-Output \"Maintenance Configuration $MaintenanceConfigurationName updated successfully\"",
            "description": "",
            "draft": [],
            "id": "/subscriptions/63efd7f0-f279-403a-acf5-666ed15b72ab/resourceGroups/Barts-Patching-Test/providers/Microsoft.Automation/automationAccounts/PatchingAutomationRunbook/runbooks/Exclude-CurrentMonthPatches",
            "job_schedule": [
              {
                "job_schedule_id": "e6b1e659-5498-4d03-b18e-b53ed19d7b81",
                "parameters": {},
                "run_on": "",
                "schedule_name": "MonthlyKBRefresh-1st-0005-IST"
              }
            ],
            "location": "canadacentral",
            "log_activity_trace_level": 0,
            "log_progress": true,
            "log_verbose": true,
            "name": "Exclude-CurrentMonthPatches",
            "publish_content_link": [],
            "resource_group_name": "Barts-Patching-Test",
            "runbook_type": "PowerShell",
            "tags": {},
            "timeouts": null
          },
          "sensitive_attributes": [],
          "identity_schema_version": 0,
          "private": "eyJlMmJmYjczMC1lY2FhLTExZTYtOGY4OC0zNDM2M2JjN2M0YzAiOnsiY3JlYXRlIjoxODAwMDAwMDAwMDAwLCJkZWxldGUiOjE4MDAwMDAwMDAwMDAsInJlYWQiOjMwMDAwMDAwMDAwMCwidXBkYXRlIjoxODAwMDAwMDAwMDAwfX0=",
          "dependencies": [
            "module.automation_runbook.azurerm_automation_account.patching_automation_account",
            "module.automation_runbook.data.local_file.patching_exclude_current_month_script"
          ]
        }
      ]
    },
    {
      "module": "module.automation_runbook",
      "mode": "managed",
      "type": "azurerm_automation_schedule",
      "name": "monthly_kb_refresh_schedule",
      "provider": "provider[\"registry.terraform.io/hashicorp/azurerm\"]",
      "instances": [
        {
          "schema_version": 0,
          "attributes": {
            "automation_account_name": "PatchingAutomationRunbook",
            "description": "Runs on the 1st of every month at 00:05 IST to refresh ApprovedPatchKBIDs",
            "expiry_time": "9999-12-31T23:59:59.9999999+00:00",
            "frequency": "Month",
            "id": "/subscriptions/63efd7f0-f279-403a-acf5-666ed15b72ab/resourceGroups/Barts-Patching-Test/providers/Microsoft.Automation/automationAccounts/PatchingAutomationRunbook/schedules/MonthlyKBRefresh-1st-0005-IST",
            "interval": 1,
            "month_days": [],
            "monthly_occurrence": [],
            "name": "MonthlyKBRefresh-1st-0005-IST",
            "resource_group_name": "Barts-Patching-Test",
            "start_time": "2026-07-28T19:40:00+05:30",
            "timeouts": null,
            "timezone": "Asia/Kolkata",
            "week_days": []
          },
          "sensitive_attributes": [],
          "identity_schema_version": 0,
          "private": "eyJlMmJmYjczMC1lY2FhLTExZTYtOGY4OC0zNDM2M2JjN2M0YzAiOnsiY3JlYXRlIjoxODAwMDAwMDAwMDAwLCJkZWxldGUiOjE4MDAwMDAwMDAwMDAsInJlYWQiOjMwMDAwMDAwMDAwMCwidXBkYXRlIjoxODAwMDAwMDAwMDAwfX0=",
          "dependencies": [
            "module.automation_runbook.azurerm_automation_account.patching_automation_account"
          ]
        }
      ]
    },
    {
      "module": "module.automation_runbook",
      "mode": "managed",
      "type": "azurerm_automation_variable_string",
      "name": "approved_patch_kb_ids",
      "provider": "provider[\"registry.terraform.io/hashicorp/azurerm\"]",
      "instances": [
        {
          "schema_version": 0,
          "attributes": {
            "automation_account_name": "PatchingAutomationRunbook",
            "description": "",
            "encrypted": false,
            "id": "/subscriptions/63efd7f0-f279-403a-acf5-666ed15b72ab/resourceGroups/Barts-Patching-Test/providers/Microsoft.Automation/automationAccounts/PatchingAutomationRunbook/variables/ApprovedPatchKBIDs",
            "name": "ApprovedPatchKBIDs",
            "resource_group_name": "Barts-Patching-Test",
            "timeouts": null,
            "value": "[\"KB5094128\",\"KB5094123\",\"KB5094122\"]"
          },
          "sensitive_attributes": [],
          "identity_schema_version": 0,
          "private": "eyJlMmJmYjczMC1lY2FhLTExZTYtOGY4OC0zNDM2M2JjN2M0YzAiOnsiY3JlYXRlIjoxODAwMDAwMDAwMDAwLCJkZWxldGUiOjE4MDAwMDAwMDAwMDAsInJlYWQiOjMwMDAwMDAwMDAwMCwidXBkYXRlIjoxODAwMDAwMDAwMDAwfX0=",
          "dependencies": [
            "module.automation_runbook.azurerm_automation_account.patching_automation_account"
          ]
        }
      ]
    },
    {
      "module": "module.automation_runbook",
      "mode": "managed",
      "type": "azurerm_automation_webhook",
      "name": "patching_exclude_current_month_runbook_webhook",
      "provider": "provider[\"registry.terraform.io/hashicorp/azurerm\"]",
      "instances": [
        {
          "schema_version": 1,
          "attributes": {
            "automation_account_name": "PatchingAutomationRunbook",
            "enabled": true,
            "expiry_time": "2026-12-31T23:59:59+00:00",
            "id": "/subscriptions/63efd7f0-f279-403a-acf5-666ed15b72ab/resourceGroups/Barts-Patching-Test/providers/Microsoft.Automation/automationAccounts/PatchingAutomationRunbook/webHooks/patching_exclude_current_month_runbook_webhook",
            "name": "patching_exclude_current_month_runbook_webhook",
            "parameters": {
              "input": "WebhookData"
            },
            "resource_group_name": "Barts-Patching-Test",
            "run_on_worker_group": "",
            "runbook_name": "Exclude-CurrentMonthPatches",
            "timeouts": null,
            "uri": "https://f38fc8cb-75f5-4ce0-ba78-8587bd0a63a3.webhook.cc.azure-automation.net/webhooks?token=a%2fG7PZ6nCucXy2twsSObaOCEgDk%2f8YgNVlo0s4u8SPw%3d"
          },
          "sensitive_attributes": [
            [
              {
                "type": "get_attr",
                "value": "uri"
              }
            ]
          ],
          "identity_schema_version": 0,
          "private": "eyJlMmJmYjczMC1lY2FhLTExZTYtOGY4OC0zNDM2M2JjN2M0YzAiOnsiY3JlYXRlIjoxODAwMDAwMDAwMDAwLCJkZWxldGUiOjE4MDAwMDAwMDAwMDAsInJlYWQiOjMwMDAwMDAwMDAwMCwidXBkYXRlIjoxODAwMDAwMDAwMDAwfSwic2NoZW1hX3ZlcnNpb24iOiIxIn0=",
          "dependencies": [
            "module.automation_runbook.azurerm_automation_account.patching_automation_account",
            "module.automation_runbook.azurerm_automation_runbook.patching_exclude_current_month_runbook",
            "module.automation_runbook.data.local_file.patching_exclude_current_month_script"
          ]
        }
      ]
    },
    {
      "module": "module.maintenance_pre_events_n",
      "mode": "managed",
      "type": "azurerm_eventgrid_system_topic",
      "name": "maintenance_pre_event_topic",
      "provider": "provider[\"registry.terraform.io/hashicorp/azurerm\"]",
      "instances": [
        {
          "index_key": "BHCCSMCPWK1G1SCH1",
          "schema_version": 0,
          "attributes": {
            "id": "/subscriptions/63efd7f0-f279-403a-acf5-666ed15b72ab/resourceGroups/Barts-Patching-Test/providers/Microsoft.EventGrid/systemTopics/BHCCSMCPWK1G1SCH1-Event-Topic",
            "identity": [],
            "location": "uksouth",
            "metric_arm_resource_id": "d10946e6-f5e7-4dad-aa06-9b6afc7fe01f",
            "name": "BHCCSMCPWK1G1SCH1-Event-Topic",
            "resource_group_name": "Barts-Patching-Test",
            "source_arm_resource_id": "/subscriptions/63efd7f0-f279-403a-acf5-666ed15b72ab/resourceGroups/Barts-Patching-Test/providers/Microsoft.Maintenance/maintenanceConfigurations/BHCCSMCPWK1G1SCH1",
            "tags": {
              "ccs_managed": "yes"
            },
            "timeouts": null,
            "topic_type": "Microsoft.Maintenance.MaintenanceConfigurations"
          },
          "sensitive_attributes": [],
          "identity_schema_version": 0,
          "private": "eyJlMmJmYjczMC1lY2FhLTExZTYtOGY4OC0zNDM2M2JjN2M0YzAiOnsiY3JlYXRlIjoxODAwMDAwMDAwMDAwLCJkZWxldGUiOjE4MDAwMDAwMDAwMDAsInJlYWQiOjMwMDAwMDAwMDAwMCwidXBkYXRlIjoxODAwMDAwMDAwMDAwfX0=",
          "dependencies": [
            "module.windows_maintenance_configuration_n.azurerm_maintenance_configuration.maintenance_configuration"
          ]
        }
      ]
    },
    {
      "module": "module.maintenance_pre_events_n",
      "mode": "managed",
      "type": "azurerm_eventgrid_system_topic_event_subscription",
      "name": "maintenance_pre_event_subscription",
      "provider": "provider[\"registry.terraform.io/hashicorp/azurerm\"]",
      "instances": [
        {
          "index_key": "BHCCSMCPWK1G1SCH1",
          "schema_version": 0,
          "attributes": {
            "advanced_filter": [],
            "advanced_filtering_on_arrays_enabled": false,
            "azure_function_endpoint": [],
            "dead_letter_identity": [],
            "delivery_identity": [],
            "delivery_property": [],
            "event_delivery_schema": "EventGridSchema",
            "eventhub_endpoint_id": "",
            "expiration_time_utc": "",
            "hybrid_connection_endpoint_id": "",
            "id": "/subscriptions/63efd7f0-f279-403a-acf5-666ed15b72ab/resourceGroups/Barts-Patching-Test/providers/Microsoft.EventGrid/systemTopics/BHCCSMCPWK1G1SCH1-Event-Topic/eventSubscriptions/BHCCSMCPWK1G1SCH1-PreEvent-Subscription",
            "included_event_types": [
              "Microsoft.Maintenance.PreMaintenanceEvent",
              "Microsoft.Maintenance.PostMaintenanceEvent"
            ],
            "labels": [],
            "name": "BHCCSMCPWK1G1SCH1-PreEvent-Subscription",
            "resource_group_name": "Barts-Patching-Test",
            "retry_policy": [
              {
                "event_time_to_live": 1440,
                "max_delivery_attempts": 30
              }
            ],
            "service_bus_queue_endpoint_id": "",
            "service_bus_topic_endpoint_id": "",
            "storage_blob_dead_letter_destination": [],
            "storage_queue_endpoint": [],
            "subject_filter": [],
            "system_topic": "BHCCSMCPWK1G1SCH1-Event-Topic",
            "timeouts": null,
            "webhook_endpoint": [
              {
                "active_directory_app_id_or_uri": "",
                "active_directory_tenant_id": "",
                "base_url": "https://f38fc8cb-75f5-4ce0-ba78-8587bd0a63a3.webhook.cc.azure-automation.net/webhooks",
                "max_events_per_batch": 1,
                "preferred_batch_size_in_kilobytes": 64,
                "url": "https://f38fc8cb-75f5-4ce0-ba78-8587bd0a63a3.webhook.cc.azure-automation.net/webhooks?token=a%2fG7PZ6nCucXy2twsSObaOCEgDk%2f8YgNVlo0s4u8SPw%3d"
              }
            ]
          },
          "sensitive_attributes": [
            [
              {
                "type": "get_attr",
                "value": "webhook_endpoint"
              },
              {
                "type": "index",
                "value": {
                  "value": 0,
                  "type": "number"
                }
              },
              {
                "type": "get_attr",
                "value": "url"
              }
            ]
          ],
          "identity_schema_version": 0,
          "private": "eyJlMmJmYjczMC1lY2FhLTExZTYtOGY4OC0zNDM2M2JjN2M0YzAiOnsiY3JlYXRlIjoxODAwMDAwMDAwMDAwLCJkZWxldGUiOjE4MDAwMDAwMDAwMDAsInJlYWQiOjMwMDAwMDAwMDAwMCwidXBkYXRlIjoxODAwMDAwMDAwMDAwfX0=",
          "dependencies": [
            "module.automation_runbook.azurerm_automation_account.patching_automation_account",
            "module.automation_runbook.azurerm_automation_runbook.patching_exclude_current_month_runbook",
            "module.automation_runbook.azurerm_automation_webhook.patching_exclude_current_month_runbook_webhook",
            "module.automation_runbook.data.local_file.patching_exclude_current_month_script",
            "module.maintenance_pre_events_n.azurerm_eventgrid_system_topic.maintenance_pre_event_topic",
            "module.windows_maintenance_configuration_n.azurerm_maintenance_configuration.maintenance_configuration"
          ]
        }
      ]
    },
    {
      "module": "module.windows_maintenance_configuration_n[\"BHCCSMCPWK1G1SCH1\"]",
      "mode": "managed",
      "type": "azurerm_maintenance_configuration",
      "name": "maintenance_configuration",
      "provider": "provider[\"registry.terraform.io/hashicorp/azurerm\"]",
      "instances": [
        {
          "schema_version": 1,
          "attributes": {
            "id": "/subscriptions/63efd7f0-f279-403a-acf5-666ed15b72ab/resourceGroups/Barts-Patching-Test/providers/Microsoft.Maintenance/maintenanceConfigurations/BHCCSMCPWK1G1SCH1",
            "in_guest_user_patch_mode": "User",
            "install_patches": [
              {
                "linux": [
                  {
                    "classifications_to_include": [
                      "Security",
                      "Critical"
                    ],
                    "package_names_mask_to_exclude": [],
                    "package_names_mask_to_include": []
                  }
                ],
                "reboot": "NeverReboot",
                "windows": [
                  {
                    "classifications_to_include": [],
                    "kb_numbers_to_exclude": [],
                    "kb_numbers_to_include": []
                  }
                ]
              }
            ],
            "location": "uksouth",
            "name": "BHCCSMCPWK1G1SCH1",
            "properties": {},
            "resource_group_name": "Barts-Patching-Test",
            "scope": "InGuestPatch",
            "tags": {
              "ccs_managed": "yes",
              "patch_reference": "true"
            },
            "timeouts": null,
            "visibility": "Custom",
            "window": [
              {
                "duration": "02:59",
                "expiration_date_time": "2099-01-06 19:15",
                "recur_every": "1Month First Wednesday",
                "start_date_time": "2027-07-01 12:00",
                "time_zone": "GMT Standard Time"
              }
            ]
          },
          "sensitive_attributes": [],
          "identity_schema_version": 0,
          "private": "eyJlMmJmYjczMC1lY2FhLTExZTYtOGY4OC0zNDM2M2JjN2M0YzAiOnsiY3JlYXRlIjoxODAwMDAwMDAwMDAwLCJkZWxldGUiOjE4MDAwMDAwMDAwMDAsInJlYWQiOjMwMDAwMDAwMDAwMCwidXBkYXRlIjoxODAwMDAwMDAwMDAwfSwic2NoZW1hX3ZlcnNpb24iOiIxIn0="
        }
      ]
    }
  ],
  "check_results": null
}
